# auto-generated by grc.converter

id: iqbalance_optimize_c
label: IQ Bal Optimize
category: IQ Balance

parameters:
-   id: period
    label: Period
    dtype: int

inputs:
-   domain: stream
    dtype: complex

outputs:
-   domain: message
    id: iqbal_corr
    optional: true

templates:
    imports: import iqbalance
    make: iqbalance.optimize_c(${period})
    callbacks:
    - set_period(${period})

file_format: 1
